// !$*UTF8*$!
{
	archiveVersion = 1;
	classes = {
	};
	objectVersion = 46;
	objects = {

/* Begin PBXBuildFile section */
		24FB6D3B1B6FDC3300ADCA4F /* main.m in Sources */ = {isa = PBXBuildFile; fileRef = 24FB6D3A1B6FDC3300ADCA4F /* main.m */; };
		24FB6D3E1B6FDC3300ADCA4F /* AppDelegate.m in Sources */ = {isa = PBXBuildFile; fileRef = 24FB6D3D1B6FDC3300ADCA4F /* AppDelegate.m */; };
		24FB6D411B6FDC3300ADCA4F /* ViewController.m in Sources */ = {isa = PBXBuildFile; fileRef = 24FB6D401B6FDC3300ADCA4F /* ViewController.m */; };
		24FB6D441B6FDC3300ADCA4F /* Main.storyboard in Resources */ = {isa = PBXBuildFile; fileRef = 24FB6D421B6FDC3300ADCA4F /* Main.storyboard */; };
		24FB6D461B6FDC3300ADCA4F /* Images.xcassets in Resources */ = {isa = PBXBuildFile; fileRef = 24FB6D451B6FDC3300ADCA4F /* Images.xcassets */; };
		24FB6D491B6FDC3300ADCA4F /* LaunchScreen.xib in Resources */ = {isa = PBXBuildFile; fileRef = 24FB6D471B6FDC3300ADCA4F /* LaunchScreen.xib */; };
		24FB6D551B6FDC3300ADCA4F /* NSURLConnectionTutorialTests.m in Sources */ = {isa = PBXBuildFile; fileRef = 24FB6D541B6FDC3300ADCA4F /* NSURLConnectionTutorialTests.m */; };
/* End PBXBuildFile section */

/* Begin PBXContainerItemProxy section */
		24FB6D4F1B6FDC3300ADCA4F /* PBXContainerItemProxy */ = {
			isa = PBXContainerItemProxy;
			containerPortal = 24FB6D2D1B6FDC3300ADCA4F /* Project object */;
			proxyType = 1;
			remoteGlobalIDString = 24FB6D341B6FDC3300ADCA4F;
			remoteInfo = NSURLConnectionTutorial;
		};
/* End PBXContainerItemProxy section */

/* Begin PBXFileReference section */
		24FB6D351B6FDC3300ADCA4F /* NSURLConnectionTutorial.app */ = {isa = PBXFileReference; explicitFileType = wrapper.application; includeInIndex = 0; path = NSURLConnectionTutorial.app; sourceTree = BUILT_PRODUCTS_DIR; };
		24FB6D391B6FDC3300ADCA4F /* Info.plist */ = {isa = PBXFileReference; lastKnownFileType = text.plist.xml; path = Info.plist; sourceTree = "<group>"; };
		24FB6D3A1B6FDC3300ADCA4F /* main.m */ = {isa = PBXFileReference; lastKnownFileType = sourcecode.c.objc; path = main.m; sourceTree = "<group>"; };
		24FB6D3C1B6FDC3300ADCA4F /* AppDelegate.h */ = {isa = PBXFileReference; lastKnownFileType = sourcecode.c.h; path = AppDelegate.h; sourceTree = "<group>"; };
		24FB6D3D1B6FDC3300ADCA4F /* AppDelegate.m */ = {isa = PBXFileReference; lastKnownFileType = sourcecode.c.objc; path = AppDelegate.m; sourceTree = "<group>"; };
		24FB6D3F1B6FDC3300ADCA4F /* ViewController.h */ = {isa = PBXFileReference; lastKnownFileType = sourcecode.c.h; path = ViewController.h; sourceTree = "<group>"; };
		24FB6D401B6FDC3300ADCA4F /* ViewController.m */ = {isa = PBXFileReference; lastKnownFileType = sourcecode.c.objc; path = ViewController.m; sourceTree = "<group>"; };
		24FB6D431B6FDC3300ADCA4F /* Base */ = {isa = PBXFileReference; lastKnownFileType = file.storyboard; name = Base; path = Base.lproj/Main.storyboard; sourceTree = "<group>"; };
		24FB6D451B6FDC3300ADCA4F /* Images.xcassets */ = {isa = PBXFileReference; lastKnownFileType = folder.assetcatalog; path = Images.xcassets; sourceTree = "<group>"; };
		24FB6D481B6FDC3300ADCA4F /* Base */ = {isa = PBXFileReference; lastKnownFileType = file.xib; name = Base; path = Base.lproj/LaunchScreen.xib; sourceTree = "<group>"; };
		24FB6D4E1B6FDC3300ADCA4F /* NSURLConnectionTutorialTests.xctest */ = {isa = PBXFileReference; explicitFileType = wrapper.cfbundle; includeInIndex = 0; path = NSURLConnectionTutorialTests.xctest; sourceTree = BUILT_PRODUCTS_DIR; };
		24FB6D531B6FDC3300ADCA4F /* Info.plist */ = {isa = PBXFileReference; lastKnownFileType = text.plist.xml; path = Info.plist; sourceTree = "<group>"; };
		24FB6D541B6FDC3300ADCA4F /* NSURLConnectionTutorialTests.m */ = {isa = PBXFileReference; lastKnownFileType = sourcecode.c.objc; path = NSURLConnectionTutorialTests.m; sourceTree = "<group>"; };
/* End PBXFileReference section */

/* Begin PBXFrameworksBuildPhase section */
		24FB6D321B6FDC3300ADCA4F /* Frameworks */ = {
			isa = PBXFrameworksBuildPhase;
			buildActionMask = 2147483647;
			files = (
			);
			runOnlyForDeploymentPostprocessing = 0;
		};
		24FB6D4B1B6FDC3300ADCA4F /* Frameworks */ = {
			isa = PBXFrameworksBuildPhase;
			buildActionMask = 2147483647;
			files = (
			);
			runOnlyForDeploymentPostprocessing = 0;
		};
/* End PBXFrameworksBuildPhase section */

/* Begin PBXGroup section */
		24FB6D2C1B6FDC3300ADCA4F = {
			isa = PBXGroup;
			children = (
				24FB6D371B6FDC3300ADCA4F /* NSURLConnectionTutorial */,
				24FB6D511B6FDC3300ADCA4F /* NSURLConnectionTutorialTests */,
				24FB6D361B6FDC3300ADCA4F /* Products */,
			);
			sourceTree = "<group>";
		};
		24FB6D361B6FDC3300ADCA4F /* Products */ = {
			isa = PBXGroup;
			children = (
				24FB6D351B6FDC3300ADCA4F /* NSURLConnectionTutorial.app */,
				24FB6D4E1B6FDC3300ADCA4F /* NSURLConnectionTutorialTests.xctest */,
			);
			name = Products;
			sourceTree = "<group>";
		};
		24FB6D371B6FDC3300ADCA4F /* NSURLConnectionTutorial */ = {
			isa = PBXGroup;
			children = (
				24FB6D3C1B6FDC3300ADCA4F /* AppDelegate.h */,
				24FB6D3D1B6FDC3300ADCA4F /* AppDelegate.m */,
				24FB6D3F1B6FDC3300ADCA4F /* ViewController.h */,
				24FB6D401B6FDC3300ADCA4F /* ViewController.m */,
				24FB6D421B6FDC3300ADCA4F /* Main.storyboard */,
				24FB6D451B6FDC3300ADCA4F /* Images.xcassets */,
				24FB6D471B6FDC3300ADCA4F /* LaunchScreen.xib */,
				24FB6D381B6FDC3300ADCA4F /* Supporting Files */,
			);
			path = NSURLConnectionTutorial;
			sourceTree = "<group>";
		};
		24FB6D381B6FDC3300ADCA4F /* Supporting Files */ = {
			isa = PBXGroup;
			children = (
				24FB6D391B6FDC3300ADCA4F /* Info.plist */,
				24FB6D3A1B6FDC3300ADCA4F /* main.m */,
			);
			name = "Supporting Files";
			sourceTree = "<group>";
		};
		24FB6D511B6FDC3300ADCA4F /* NSURLConnectionTutorialTests */ = {
			isa = PBXGroup;
			children = (
				24FB6D541B6FDC3300ADCA4F /* NSURLConnectionTutorialTests.m */,
				24FB6D521B6FDC3300ADCA4F /* Supporting Files */,
			);
			path = NSURLConnectionTutorialTests;
			sourceTree = "<group>";
		};
		24FB6D521B6FDC3300ADCA4F /* Supporting Files */ = {
			isa = PBXGroup;
			children = (
				24FB6D531B6FDC3300ADCA4F /* Info.plist */,
			);
			name = "Supporting Files";
			sourceTree = "<group>";
		};
/* End PBXGroup section */

/* Begin PBXNativeTarget section */
		24FB6D341B6FDC3300ADCA4F /* NSURLConnectionTutorial */ = {
			isa = PBXNativeTarget;
			buildConfigurationList = 24FB6D581B6FDC3300ADCA4F /* Build configuration list for PBXNativeTarget "NSURLConnectionTutorial" */;
			buildPhases = (
				24FB6D311B6FDC3300ADCA4F /* Sources */,
				24FB6D321B6FDC3300ADCA4F /* Frameworks */,
				24FB6D331B6FDC3300ADCA4F /* Resources */,
			);
			buildRules = (
			);
			dependencies = (
			);
			name = NSURLConnectionTutorial;
			productName = NSURLConnectionTutorial;
			productReference = 24FB6D351B6FDC3300ADCA4F /* NSURLConnectionTutorial.app */;
			productType = "com.apple.product-type.application";
		};
		24FB6D4D1B6FDC3300ADCA4F /* NSURLConnectionTutorialTests */ = {
			isa = PBXNativeTarget;
			buildConfigurationList = 24FB6D5B1B6FDC3300ADCA4F /* Build configuration list for PBXNativeTarget "NSURLConnectionTutorialTests" */;
			buildPhases = (
				24FB6D4A1B6FDC3300ADCA4F /* Sources */,
				24FB6D4B1B6FDC3300ADCA4F /* Frameworks */,
				24FB6D4C1B6FDC3300ADCA4F /* Resources */,
			);
			buildRules = (
			);
			dependencies = (
				24FB6D501B6FDC3300ADCA4F /* PBXTargetDependency */,
			);
			name = NSURLConnectionTutorialTests;
			productName = NSURLConnectionTutorialTests;
			productReference = 24FB6D4E1B6FDC3300ADCA4F /* NSURLConnectionTutorialTests.xctest */;
			productType = "com.apple.product-type.bundle.unit-test";
		};
/* End PBXNativeTarget section */

/* Begin PBXProject section */
		24FB6D2D1B6FDC3300ADCA4F /* Project object */ = {
			isa = PBXProject;
			attributes = {
				LastUpgradeCheck = 0640;
				ORGANIZATIONNAME = "Emanuel Andrade";
				TargetAttributes = {
					24FB6D341B6FDC3300ADCA4F = {
						CreatedOnToolsVersion = 6.4;
					};
					24FB6D4D1B6FDC3300ADCA4F = {
						CreatedOnToolsVersion = 6.4;
						TestTargetID = 24FB6D341B6FDC3300ADCA4F;
					};
				};
			};
			buildConfigurationList = 24FB6D301B6FDC3300ADCA4F /* Build configuration list for PBXProject "NSURLConnectionTutorial" */;
			compatibilityVersion = "Xcode 3.2";
			developmentRegion = English;
			hasScannedForEncodings = 0;
			knownRegions = (
				en,
				Base,
			);
			mainGroup = 24FB6D2C1B6FDC3300ADCA4F;
			productRefGroup = 24FB6D361B6FDC3300ADCA4F /* Products */;
			projectDirPath = "";
			projectRoot = "";
			targets = (
				24FB6D341B6FDC3300ADCA4F /* NSURLConnectionTutorial */,
				24FB6D4D1B6FDC3300ADCA4F /* NSURLConnectionTutorialTests */,
			);
		};
/* End PBXProject section */

/* Begin PBXResourcesBuildPhase section */
		24FB6D331B6FDC3300ADCA4F /* Resources */ = {
			isa = PBXResourcesBuildPhase;
			buildActionMask = 2147483647;
			files = (
				24FB6D441B6FDC3300ADCA4F /* Main.storyboard in Resources */,
				24FB6D491B6FDC3300ADCA4F /* LaunchScreen.xib in Resources */,
				24FB6D461B6FDC3300ADCA4F /* Images.xcassets in Resources */,
			);
			runOnlyForDeploymentPostprocessing = 0;
		};
		24FB6D4C1B6FDC3300ADCA4F /* Resources */ = {
			isa = PBXResourcesBuildPhase;
			buildActionMask = 2147483647;
			files = (
			);
			runOnlyForDeploymentPostprocessing = 0;
		};
/* End PBXResourcesBuildPhase section */

/* Begin PBXSourcesBuildPhase section */
		24FB6D311B6FDC3300ADCA4F /* Sources */ = {
			isa = PBXSourcesBuildPhase;
			buildActionMask = 2147483647;
			files = (
				24FB6D411B6FDC3300ADCA4F /* ViewController.m in Sources */,
				24FB6D3E1B6FDC3300ADCA4F /* AppDelegate.m in Sources */,
				24FB6D3B1B6FDC3300ADCA4F /* main.m in Sources */,
			);
			runOnlyForDeploymentPostprocessing = 0;
		};
		24FB6D4A1B6FDC3300ADCA4F /* Sources */ = {
			isa = PBXSourcesBuildPhase;
			buildActionMask = 2147483647;
			files = (
				24FB6D551B6FDC3300ADCA4F /* NSURLConnectionTutorialTests.m in Sources */,
			);
			runOnlyForDeploymentPostprocessing = 0;
		};
/* End PBXSourcesBuildPhase section */

/* Begin PBXTargetDependency section */
		24FB6D501B6FDC3300ADCA4F /* PBXTargetDependency */ = {
			isa = PBXTargetDependency;
			target = 24FB6D341B6FDC3300ADCA4F /* NSURLConnectionTutorial */;
			targetProxy = 24FB6D4F1B6FDC3300ADCA4F /* PBXContainerItemProxy */;
		};
/* End PBXTargetDependency section */

/* Begin PBXVariantGroup section */
		24FB6D421B6FDC3300ADCA4F /* Main.storyboard */ = {
			isa = PBXVariantGroup;
			children = (
				24FB6D431B6FDC3300ADCA4F /* Base */,
			);
			name = Main.storyboard;
			sourceTree = "<group>";
		};
		24FB6D471B6FDC3300ADCA4F /* LaunchScreen.xib */ = {
			isa = PBXVariantGroup;
			children = (
				24FB6D481B6FDC3300ADCA4F /* Base */,
			);
			name = LaunchScreen.xib;
			sourceTree = "<group>";
		};
/* End PBXVariantGroup section */

/* Begin XCBuildConfiguration section */
		24FB6D561B6FDC3300ADCA4F /* Debug */ = {
			isa = XCBuildConfiguration;
			buildSettings = {
				ALWAYS_SEARCH_USER_PATHS = NO;
				CLANG_CXX_LANGUAGE_STANDARD = "gnu++0x";
				CLANG_CXX_LIBRARY = "libc++";
				CLANG_ENABLE_MODULES = YES;
				CLANG_ENABLE_OBJC_ARC = YES;
				CLANG_WARN_BOOL_CONVERSION = YES;
				CLANG_WARN_CONSTANT_CONVERSION = YES;
				CLANG_WARN_DIRECT_OBJC_ISA_USAGE = YES_ERROR;
				CLANG_WARN_EMPTY_BODY = YES;
				CLANG_WARN_ENUM_CONVERSION = YES;
				CLANG_WARN_INT_CONVERSION = YES;
				CLANG_WARN_OBJC_ROOT_CLASS = YES_ERROR;
				CLANG_WARN_UNREACHABLE_CODE = YES;
				CLANG_WARN__DUPLICATE_METHOD_MATCH = YES;
				"CODE_SIGN_IDENTITY[sdk=iphoneos*]" = "iPhone Developer";
				COPY_PHASE_STRIP = NO;
				DEBUG_INFORMATION_FORMAT = "dwarf-with-dsym";
				ENABLE_STRICT_OBJC_MSGSEND = YES;
				GCC_C_LANGUAGE_STANDARD = gnu99;
				GCC_DYNAMIC_NO_PIC = NO;
				GCC_NO_COMMON_BLOCKS = YES;
				GCC_OPTIMIZATION_LEVEL = 0;
				GCC_PREPROCESSOR_DEFINITIONS = (
					"DEBUG=1",
					"$(inherited)",
				);
				GCC_SYMBOLS_PRIVATE_EXTERN = NO;
				GCC_WARN_64_TO_32_BIT_CONVERSION = YES;
				GCC_WARN_ABOUT_RETURN_TYPE = YES_ERROR;
				GCC_WARN_UNDECLARED_SELECTOR = YES;
				GCC_WARN_UNINITIALIZED_AUTOS = YES_AGGRESSIVE;
				GCC_WARN_UNUSED_FUNCTION = YES;
				GCC_WARN_UNUSED_VARIABLE = YES;
				IPHONEOS_DEPLOYMENT_TARGET = 8.4;
				MTL_ENABLE_DEBUG_INFO = YES;
				ONLY_ACTIVE_ARCH = YES;
				SDKROOT = iphoneos;
				TARGETED_DEVICE_FAMILY = "1,2";
			};
			name = Debug;
		};
		24FB6D571B6FDC3300ADCA4F /* Release */ = {
			isa = XCBuildConfiguration;
			buildSettings = {
				ALWAYS_SEARCH_USER_PATHS = NO;
				CLANG_CXX_LANGUAGE_STANDARD = "gnu++0x";
				CLANG_CXX_LIBRARY = "libc++";
				CLANG_ENABLE_MODULES = YES;
				CLANG_ENABLE_OBJC_ARC = YES;
				CLANG_WARN_BOOL_CONVERSION = YES;
				CLANG_WARN_CONSTANT_CONVERSION = YES;
				CLANG_WARN_DIRECT_OBJC_ISA_USAGE = YES_ERROR;
				CLANG_WARN_EMPTY_BODY = YES;
				CLANG_WARN_ENUM_CONVERSION = YES;
				CLANG_WARN_INT_CONVERSION = YES;
				CLANG_WARN_OBJC_ROOT_CLASS = YES_ERROR;
				CLANG_WARN_UNREACHABLE_CODE = YES;
				CLANG_WARN__DUPLICATE_METHOD_MATCH = YES;
				"CODE_SIGN_IDENTITY[sdk=iphoneos*]" = "iPhone Developer";
				COPY_PHASE_STRIP = NO;
				DEBUG_INFORMATION_FORMAT = "dwarf-with-dsym";
				ENABLE_NS_ASSERTIONS = NO;
				ENABLE_STRICT_OBJC_MSGSEND = YES;
				GCC_C_LANGUAGE_STANDARD = gnu99;
				GCC_NO_COMMON_BLOCKS = YES;
				GCC_WARN_64_TO_32_BIT_CONVERSION = YES;
				GCC_WARN_ABOUT_RETURN_TYPE = YES_ERROR;
				GCC_WARN_UNDECLARED_SELECTOR = YES;
				GCC_WARN_UNINITIALIZED_AUTOS = YES_AGGRESSIVE;
				GCC_WARN_UNUSED_FUNCTION = YES;
				GCC_WARN_UNUSED_VARIABLE = YES;
				IPHONEOS_DEPLOYMENT_TARGET = 8.4;
				MTL_ENABLE_DEBUG_INFO = NO;
				SDKROOT = iphoneos;
				TARGETED_DEVICE_FAMILY = "1,2";
				VALIDATE_PRODUCT = YES;
			};
			name = Release;
		};
		24FB6D591B6FDC3300ADCA4F /* Debug */ = {
			isa = XCBuildConfiguration;
			buildSettings = {
				ASSETCATALOG_COMPILER_APPICON_NAME = AppIcon;
				INFOPLIST_FILE = NSURLConnectionTutorial/Info.plist;
				LD_RUNPATH_SEARCH_PATHS = "$(inherited) @executable_path/Frameworks";
				PRODUCT_NAME = "$(TARGET_NAME)";
			};
			name = Debug;
		};
		24FB6D5A1B6FDC3300ADCA4F /* Release */ = {
			isa = XCBuildConfiguration;
			buildSettings = {
				ASSETCATALOG_COMPILER_APPICON_NAME = AppIcon;
				INFOPLIST_FILE = NSURLConnectionTutorial/Info.plist;
				LD_RUNPATH_SEARCH_PATHS = "$(inherited) @executable_path/Frameworks";
				PRODUCT_NAME = "$(TARGET_NAME)";
			};
			name = Release;
		};
		24FB6D5C1B6FDC3300ADCA4F /* Debug */ = {
			isa = XCBuildConfiguration;
			buildSettings = {
				BUNDLE_LOADER = "$(TEST_HOST)";
				FRAMEWORK_SEARCH_PATHS = (
					"$(SDKROOT)/Developer/Library/Frameworks",
					"$(inherited)",
				);
				GCC_PREPROCESSOR_DEFINITIONS = (
					"DEBUG=1",
					"$(inherited)",
				);
				INFOPLIST_FILE = NSURLConnectionTutorialTests/Info.plist;
				LD_RUNPATH_SEARCH_PATHS = "$(inherited) @executable_path/Frameworks @loader_path/Frameworks";
				PRODUCT_NAME = "$(TARGET_NAME)";
				TEST_HOST = "$(BUILT_PRODUCTS_DIR)/NSURLConnectionTutorial.app/NSURLConnectionTutorial";
			};
			name = Debug;
		};
		24FB6D5D1B6FDC3300ADCA4F /* Release */ = {
			isa = XCBuildConfiguration;
			buildSettings = {
				BUNDLE_LOADER = "$(TEST_HOST)";
				FRAMEWORK_SEARCH_PATHS = (
					"$(SDKROOT)/Developer/Library/Frameworks",
					"$(inherited)",
				);
				INFOPLIST_FILE = NSURLConnectionTutorialTests/Info.plist;
				LD_RUNPATH_SEARCH_PATHS = "$(inherited) @executable_path/Frameworks @loader_path/Frameworks";
				PRODUCT_NAME = "$(TARGET_NAME)";
				TEST_HOST = "$(BUILT_PRODUCTS_DIR)/NSURLConnectionTutorial.app/NSURLConnectionTutorial";
			};
			name = Release;
		};
/* End XCBuildConfiguration section */

/* Begin XCConfigurationList section */
		24FB6D301B6FDC3300ADCA4F /* Build configuration list for PBXProject "NSURLConnectionTutorial" */ = {
			isa = XCConfigurationList;
			buildConfigurations = (
				24FB6D561B6FDC3300ADCA4F /* Debug */,
				24FB6D571B6FDC3300ADCA4F /* Release */,
			);
			defaultConfigurationIsVisible = 0;
			defaultConfigurationName = Release;
		};
		24FB6D581B6FDC3300ADCA4F /* Build configuration list for PBXNativeTarget "NSURLConnectionTutorial" */ = {
			isa = XCConfigurationList;
			buildConfigurations = (
				24FB6D591B6FDC3300ADCA4F /* Debug */,
				24FB6D5A1B6FDC3300ADCA4F /* Release */,
			);
			defaultConfigurationIsVisible = 0;
		};
		24FB6D5B1B6FDC3300ADCA4F /* Build configuration list for PBXNativeTarget "NSURLConnectionTutorialTests" */ = {
			isa = XCConfigurationList;
			buildConfigurations = (
				24FB6D5C1B6FDC3300ADCA4F /* Debug */,
				24FB6D5D1B6FDC3300ADCA4F /* Release */,
			);
			defaultConfigurationIsVisible = 0;
		};
/* End XCConfigurationList section */
	};
	rootObject = 24FB6D2D1B6FDC3300ADCA4F /* Project object */;
}
